<?xml version="1.0" encoding="utf-8"?>
<Project ToolsVersion="4.0" xmlns="http://schemas.microsoft.com/developer/msbuild/2003">
  <ItemGroup>
    <Filter Include="소스 파일">
      <UniqueIdentifier>{4FC737F1-C7A5-4376-A066-2A32D752A2FF}</UniqueIdentifier>
      <Extensions>cpp;c;cc;cxx;c++;cppm;ixx;def;odl;idl;hpj;bat;asm;asmx</Extensions>
    </Filter>
    <Filter Include="헤더 파일">
      <UniqueIdentifier>{93995380-89BD-4b04-88EB-625FBE52EBFB}</UniqueIdentifier>
      <Extensions>h;hh;hpp;hxx;h++;hm;inl;inc;ipp;xsd</Extensions>
    </Filter>
    <Filter Include="리소스 파일">
      <UniqueIdentifier>{67DA6AB6-F800-4c08-8B7A-83BB121AAD01}</UniqueIdentifier>
      <Extensions>rc;ico;cur;bmp;dlg;rc2;rct;bin;rgs;gif;jpg;jpeg;jpe;resx;tiff;tif;png;wav;mfcribbon-ms</Extensions>
    </Filter>
  </ItemGroup>
  <ItemGroup>
    <ClInclude Include="resource.h">
      <Filter>헤더 파일</Filter>
    </ClInclude>
    <ClInclude Include="Player.h">
      <Filter>헤더 파일</Filter>
    </ClInclude>
    <ClInclude Include="protocol.h">
      <Filter>헤더 파일</Filter>
    </ClInclude>
    <ClInclude Include="json\json.h">
      <Filter>헤더 파일</Filter>
    </ClInclude>
    <ClInclude Include="stdafx.h">
      <Filter>헤더 파일</Filter>
    </ClInclude>
    <ClInclude Include="Object.h">
      <Filter>헤더 파일</Filter>
    </ClInclude>
  </ItemGroup>
  <ItemGroup>
    <ResourceCompile Include="Bomberman_project.rc">
      <Filter>리소스 파일</Filter>
    </ResourceCompile>
  </ItemGroup>
  <ItemGroup>
    <Image Include="objects_bmp\block.bmp">
      <Filter>리소스 파일</Filter>
    </Image>
    <Image Include="characters_bmp\Isaac.bmp">
      <Filter>리소스 파일</Filter>
    </Image>
    <Image Include="objects_bmp\tear.bmp">
      <Filter>리소스 파일</Filter>
    </Image>
    <Image Include="characters_bmp\Magdalene.bmp">
      <Filter>리소스 파일</Filter>
    </Image>
    <Image Include="characters_bmp\Lazarus.bmp">
      <Filter>리소스 파일</Filter>
    </Image>
    <Image Include="characters_bmp\Samson.bmp">
      <Filter>리소스 파일</Filter>
    </Image>
    <Image Include="maps_bmp\background_opened.bmp">
      <Filter>리소스 파일</Filter>
    </Image>
    <Image Include="characters_bmp\Eve.bmp">
      <Filter>리소스 파일</Filter>
    </Image>
    <Image Include="objects_bmp\bomb.bmp">
      <Filter>리소스 파일</Filter>
    </Image>
    <Image Include="objects_bmp\more_power.bmp">
      <Filter>리소스 파일</Filter>
    </Image>
    <Image Include="icon_ico\terror_man.ico">
      <Filter>리소스 파일</Filter>
    </Image>
    <Image Include="icon_ico\terror_man.ico">
      <Filter>리소스 파일</Filter>
    </Image>
    <Image Include="objects_bmp\rock1.bmp">
      <Filter>리소스 파일</Filter>
    </Image>
    <Image Include="maps_bmp\backboard.bmp">
      <Filter>리소스 파일</Filter>
    </Image>
    <Image Include="characters_bmp\bitmap15.bmp">
      <Filter>리소스 파일</Filter>
    </Image>
    <Image Include="objects_bmp\heart_1.bmp">
      <Filter>리소스 파일</Filter>
    </Image>
    <Image Include="objects_bmp\more_bomb.bmp">
      <Filter>리소스 파일</Filter>
    </Image>
    <Image Include="objects_bmp\heart_2.bmp">
      <Filter>리소스 파일</Filter>
    </Image>
    <Image Include="maps_bmp\num_0.bmp">
      <Filter>리소스 파일</Filter>
    </Image>
    <Image Include="maps_bmp\num_1.bmp">
      <Filter>리소스 파일</Filter>
    </Image>
    <Image Include="maps_bmp\num_2.bmp">
      <Filter>리소스 파일</Filter>
    </Image>
    <Image Include="maps_bmp\num_3.bmp">
      <Filter>리소스 파일</Filter>
    </Image>
    <Image Include="maps_bmp\num_4.bmp">
      <Filter>리소스 파일</Filter>
    </Image>
    <Image Include="maps_bmp\num_5.bmp">
      <Filter>리소스 파일</Filter>
    </Image>
    <Image Include="maps_bmp\al_p.bmp">
      <Filter>리소스 파일</Filter>
    </Image>
    <Image Include="maps_bmp\empty.bmp">
      <Filter>리소스 파일</Filter>
    </Image>
    <Image Include="maps_bmp\idle.bmp">
      <Filter>리소스 파일</Filter>
    </Image>
    <Image Include="maps_bmp\ready.bmp">
      <Filter>리소스 파일</Filter>
    </Image>
    <Image Include="maps_bmp\play.bmp">
      <Filter>리소스 파일</Filter>
    </Image>
    <Image Include="maps_bmp\dead.bmp">
      <Filter>리소스 파일</Filter>
    </Image>
    <Image Include="effects_bmp\explode_2_.bmp">
      <Filter>리소스 파일</Filter>
    </Image>
    <Image Include="objects_bmp\bomb_fuse.bmp">
      <Filter>리소스 파일</Filter>
    </Image>
    <Image Include="objects_bmp\rock_item.bmp">
      <Filter>리소스 파일</Filter>
    </Image>
  </ItemGroup>
  <ItemGroup>
    <ClCompile Include="Bomberman_project.cpp">
      <Filter>소스 파일</Filter>
    </ClCompile>
    <ClCompile Include="Player.cpp">
      <Filter>소스 파일</Filter>
    </ClCompile>
    <ClCompile Include="Object.cpp">
      <Filter>소스 파일</Filter>
    </ClCompile>
    <ClCompile Include="stdafx.cpp">
      <Filter>소스 파일</Filter>
    </ClCompile>
  </ItemGroup>
  <ItemGroup>
    <None Include="maps_json\map_1.json">
      <Filter>리소스 파일</Filter>
    </None>
    <None Include="map_json\map_2.json">
      <Filter>리소스 파일</Filter>
    </None>
  </ItemGroup>
</Project>